{
  "name": "ys2413",
  "version": "1.0.0",
  "lockfileVersion": 1,
  "requires": true,
  "dependencies": {
    "encoding-japanese": {
      "version": "1.0.30",
      "resolved": "https://registry.npmjs.org/encoding-japanese/-/encoding-japanese-1.0.30.tgz",
      "integrity": "sha512-bd/DFLAoJetvv7ar/KIpE3CNO8wEuyrt9Xuw6nSMiZ+Vrz/Q21BPsMHvARL2Wz6IKHKXgb+DWZqtRg1vql9cBg==",
      "dev": true
    },
    "mgsc-js": {
      "version": "1.0.4",
      "resolved": "https://registry.npmjs.org/mgsc-js/-/mgsc-js-1.0.4.tgz",
      "integrity": "sha512-y7A9m5NJUTsED5/LZJoxQLG8lODU5rZZK6mzkw0xLARY9wlvALOEfzwm6Mzcd+0LBZw21EHQUJ7C1YVVFoD5rQ==",
      "dev": true,
      "requires": {
        "encoding-japanese": "^1.0.26",
        "minimist": "^1.2.0"
      }
    },
    "minimist": {
      "version": "1.2.5",
      "resolved": "https://registry.npmjs.org/minimist/-/minimist-1.2.5.tgz",
      "integrity": "sha512-FM9nNUYrRBAELZQT3xeZQ7fmMOBg6nWNmJKTcgsJeaLstP/UODVpGsr5OhXhhXg6f+qtJ8uiZ+PUxkDWcgIXLw==",
      "dev": true
    }
  }
}
